
Microsoft Visual Studio Solution File, Format Version 12.00
# Visual Studio 2013
VisualStudioVersion = 12.0.40629.0
MinimumVisualStudioVersion = 10.0.40219.1
Project("{FAE04EC0-301F-11D3-BF4B-00C04F79EFBC}") = "CodeWars-IsThisATriangle", "CodeWars-IsThisATriangle\CodeWars-IsThisATriangle.csproj", "{139A2CC4-1625-4139-B9DA-1A5B2415090C}"
EndProject
Project("{FAE04EC0-301F-11D3-BF4B-00C04F79EFBC}") = "IsThisATriangle-Tests", "IsThisATriangle-Tests\IsThisATriangle-Tests.csproj", "{A670124E-A256-4E35-8D16-8D47ED99CE0F}"
EndProject
Global
	GlobalSection(SolutionConfigurationPlatforms) = preSolution
		Debug|Any CPU = Debug|Any CPU
		Release|Any CPU = Release|Any CPU
	EndGlobalSection
	GlobalSection(ProjectConfigurationPlatforms) = postSolution
		{139A2CC4-1625-4139-B9DA-1A5B2415090C}.Debug|Any CPU.ActiveCfg = Debug|Any CPU
		{139A2CC4-1625-4139-B9DA-1A5B2415090C}.Debug|Any CPU.Build.0 = Debug|Any CPU
		{139A2CC4-1625-4139-B9DA-1A5B2415090C}.Release|Any CPU.ActiveCfg = Release|Any CPU
		{139A2CC4-1625-4139-B9DA-1A5B2415090C}.Release|Any CPU.Build.0 = Release|Any CPU
		{A670124E-A256-4E35-8D16-8D47ED99CE0F}.Debug|Any CPU.ActiveCfg = Debug|Any CPU
		{A670124E-A256-4E35-8D16-8D47ED99CE0F}.Debug|Any CPU.Build.0 = Debug|Any CPU
		{A670124E-A256-4E35-8D16-8D47ED99CE0F}.Release|Any CPU.ActiveCfg = Release|Any CPU
		{A670124E-A256-4E35-8D16-8D47ED99CE0F}.Release|Any CPU.Build.0 = Release|Any CPU
	EndGlobalSection
	GlobalSection(SolutionProperties) = preSolution
		HideSolutionNode = FALSE
	EndGlobalSection
EndGlobal
